
Microsoft Visual Studio Solution File, Format Version 12.00
Project("{2150E333-8FDC-42A3-9474-1A3956D46DE8}") = "01-Core", "01-Core", "{EB4CF6AF-CCFC-44BC-B0EB-9F3A2D2723DF}"
EndProject
Project("{2150E333-8FDC-42A3-9474-1A3956D46DE8}") = "02-Domain", "02-Domain", "{F9C2E48B-EAA9-4C0E-A961-E1B4CDA770C7}"
EndProject
Project("{2150E333-8FDC-42A3-9474-1A3956D46DE8}") = "03-Application", "03-Application", "{46B23EC1-73A9-4685-BAB7-F795D0A3B555}"
EndProject
Project("{2150E333-8FDC-42A3-9474-1A3956D46DE8}") = "04-Test", "04-Test", "{240DB72E-D74D-4B27-A780-BC2FEBDE9214}"
EndProject
Project("{FAE04EC0-301F-11D3-BF4B-00C04F79EFBC}") = "PM.Core", "Core\PM.Core\PM.Core.csproj", "{709A58E7-5FA1-49DB-BE91-DA12A32DD048}"
EndProject
Project("{FAE04EC0-301F-11D3-BF4B-00C04F79EFBC}") = "PM.Domain", "Domain\PM.Domain\PM.Domain.csproj", "{C106460E-AB23-41AF-9F2C-A45F3D28B02E}"
EndProject
Project("{FAE04EC0-301F-11D3-BF4B-00C04F79EFBC}") = "PM.Domain.Repository", "Domain\PM.Domain.Repository\PM.Domain.Repository.csproj", "{E08E7071-1CF1-4404-AAE8-F4DA034447D5}"
EndProject
Project("{FAE04EC0-301F-11D3-BF4B-00C04F79EFBC}") = "PM.Command.Service", "Application\PM.Command.Service\PM.Command.Service.csproj", "{B5717813-4581-4731-B063-2838523B065C}"
EndProject
Project("{FAE04EC0-301F-11D3-BF4B-00C04F79EFBC}") = "PM.Query.Service", "Application\PM.Query.Service\PM.Query.Service.csproj", "{C0AA30EE-B372-4D67-98AC-B321DA82EC3E}"
EndProject
Project("{FAE04EC0-301F-11D3-BF4B-00C04F79EFBC}") = "PM.Core.Database.PostgreSql", "Core\PM.Core.Database.PostgreSql\PM.Core.Database.PostgreSql.csproj", "{163F9C86-77E3-46CB-8CE6-62BA1843202D}"
EndProject
Project("{FAE04EC0-301F-11D3-BF4B-00C04F79EFBC}") = "PM.Consumer.Service", "Application\PM.Consumer.Service\PM.Consumer.Service.csproj", "{CDED1D8E-02A7-4A87-82E4-894F71ADE669}"
EndProject
Project("{FAE04EC0-301F-11D3-BF4B-00C04F79EFBC}") = "PM.Domain.Test", "Test\PM.Domain.Test\PM.Domain.Test.csproj", "{B548DD69-3B1C-4A4A-B873-A4DC4599DC42}"
EndProject
Global
	GlobalSection(SolutionConfigurationPlatforms) = preSolution
		Debug|Any CPU = Debug|Any CPU
		Release|Any CPU = Release|Any CPU
	EndGlobalSection
	GlobalSection(NestedProjects) = preSolution
		{709A58E7-5FA1-49DB-BE91-DA12A32DD048} = {EB4CF6AF-CCFC-44BC-B0EB-9F3A2D2723DF}
		{C106460E-AB23-41AF-9F2C-A45F3D28B02E} = {F9C2E48B-EAA9-4C0E-A961-E1B4CDA770C7}
		{E08E7071-1CF1-4404-AAE8-F4DA034447D5} = {F9C2E48B-EAA9-4C0E-A961-E1B4CDA770C7}
		{B5717813-4581-4731-B063-2838523B065C} = {46B23EC1-73A9-4685-BAB7-F795D0A3B555}
		{C0AA30EE-B372-4D67-98AC-B321DA82EC3E} = {46B23EC1-73A9-4685-BAB7-F795D0A3B555}
		{163F9C86-77E3-46CB-8CE6-62BA1843202D} = {EB4CF6AF-CCFC-44BC-B0EB-9F3A2D2723DF}
		{CDED1D8E-02A7-4A87-82E4-894F71ADE669} = {46B23EC1-73A9-4685-BAB7-F795D0A3B555}
		{B548DD69-3B1C-4A4A-B873-A4DC4599DC42} = {240DB72E-D74D-4B27-A780-BC2FEBDE9214}
	EndGlobalSection
	GlobalSection(ProjectConfigurationPlatforms) = postSolution
		{709A58E7-5FA1-49DB-BE91-DA12A32DD048}.Debug|Any CPU.ActiveCfg = Debug|Any CPU
		{709A58E7-5FA1-49DB-BE91-DA12A32DD048}.Debug|Any CPU.Build.0 = Debug|Any CPU
		{709A58E7-5FA1-49DB-BE91-DA12A32DD048}.Release|Any CPU.ActiveCfg = Release|Any CPU
		{709A58E7-5FA1-49DB-BE91-DA12A32DD048}.Release|Any CPU.Build.0 = Release|Any CPU
		{C106460E-AB23-41AF-9F2C-A45F3D28B02E}.Debug|Any CPU.ActiveCfg = Debug|Any CPU
		{C106460E-AB23-41AF-9F2C-A45F3D28B02E}.Debug|Any CPU.Build.0 = Debug|Any CPU
		{C106460E-AB23-41AF-9F2C-A45F3D28B02E}.Release|Any CPU.ActiveCfg = Release|Any CPU
		{C106460E-AB23-41AF-9F2C-A45F3D28B02E}.Release|Any CPU.Build.0 = Release|Any CPU
		{E08E7071-1CF1-4404-AAE8-F4DA034447D5}.Debug|Any CPU.ActiveCfg = Debug|Any CPU
		{E08E7071-1CF1-4404-AAE8-F4DA034447D5}.Debug|Any CPU.Build.0 = Debug|Any CPU
		{E08E7071-1CF1-4404-AAE8-F4DA034447D5}.Release|Any CPU.ActiveCfg = Release|Any CPU
		{E08E7071-1CF1-4404-AAE8-F4DA034447D5}.Release|Any CPU.Build.0 = Release|Any CPU
		{B5717813-4581-4731-B063-2838523B065C}.Debug|Any CPU.ActiveCfg = Debug|Any CPU
		{B5717813-4581-4731-B063-2838523B065C}.Debug|Any CPU.Build.0 = Debug|Any CPU
		{B5717813-4581-4731-B063-2838523B065C}.Release|Any CPU.ActiveCfg = Release|Any CPU
		{B5717813-4581-4731-B063-2838523B065C}.Release|Any CPU.Build.0 = Release|Any CPU
		{C0AA30EE-B372-4D67-98AC-B321DA82EC3E}.Debug|Any CPU.ActiveCfg = Debug|Any CPU
		{C0AA30EE-B372-4D67-98AC-B321DA82EC3E}.Debug|Any CPU.Build.0 = Debug|Any CPU
		{C0AA30EE-B372-4D67-98AC-B321DA82EC3E}.Release|Any CPU.ActiveCfg = Release|Any CPU
		{C0AA30EE-B372-4D67-98AC-B321DA82EC3E}.Release|Any CPU.Build.0 = Release|Any CPU
		{163F9C86-77E3-46CB-8CE6-62BA1843202D}.Debug|Any CPU.ActiveCfg = Debug|Any CPU
		{163F9C86-77E3-46CB-8CE6-62BA1843202D}.Debug|Any CPU.Build.0 = Debug|Any CPU
		{163F9C86-77E3-46CB-8CE6-62BA1843202D}.Release|Any CPU.ActiveCfg = Release|Any CPU
		{163F9C86-77E3-46CB-8CE6-62BA1843202D}.Release|Any CPU.Build.0 = Release|Any CPU
		{CDED1D8E-02A7-4A87-82E4-894F71ADE669}.Debug|Any CPU.ActiveCfg = Debug|Any CPU
		{CDED1D8E-02A7-4A87-82E4-894F71ADE669}.Debug|Any CPU.Build.0 = Debug|Any CPU
		{CDED1D8E-02A7-4A87-82E4-894F71ADE669}.Release|Any CPU.ActiveCfg = Release|Any CPU
		{CDED1D8E-02A7-4A87-82E4-894F71ADE669}.Release|Any CPU.Build.0 = Release|Any CPU
		{B548DD69-3B1C-4A4A-B873-A4DC4599DC42}.Debug|Any CPU.ActiveCfg = Debug|Any CPU
		{B548DD69-3B1C-4A4A-B873-A4DC4599DC42}.Debug|Any CPU.Build.0 = Debug|Any CPU
		{B548DD69-3B1C-4A4A-B873-A4DC4599DC42}.Release|Any CPU.ActiveCfg = Release|Any CPU
		{B548DD69-3B1C-4A4A-B873-A4DC4599DC42}.Release|Any CPU.Build.0 = Release|Any CPU
	EndGlobalSection
EndGlobal
